
Microsoft Visual Studio Solution File, Format Version 12.00
# Visual Studio Version 16
VisualStudioVersion = 16.0.29503.13
MinimumVisualStudioVersion = 10.0.40219.1
Project("{FAE04EC0-301F-11D3-BF4B-00C04F79EFBC}") = "CCTV_Consumer", "CCTV_Consumer\CCTV_Consumer.csproj", "{58009819-B370-4C80-93B9-4A8CE9126445}"
EndProject
Global
	GlobalSection(SolutionConfigurationPlatforms) = preSolution
		Debug|Any CPU = Debug|Any CPU
		Release|Any CPU = Release|Any CPU
	EndGlobalSection
	GlobalSection(ProjectConfigurationPlatforms) = postSolution
		{58009819-B370-4C80-93B9-4A8CE9126445}.Debug|Any CPU.ActiveCfg = Debug|Any CPU
		{58009819-B370-4C80-93B9-4A8CE9126445}.Debug|Any CPU.Build.0 = Debug|Any CPU
		{58009819-B370-4C80-93B9-4A8CE9126445}.Release|Any CPU.ActiveCfg = Release|Any CPU
		{58009819-B370-4C80-93B9-4A8CE9126445}.Release|Any CPU.Build.0 = Release|Any CPU
	EndGlobalSection
	GlobalSection(SolutionProperties) = preSolution
		HideSolutionNode = FALSE
	EndGlobalSection
	GlobalSection(ExtensibilityGlobals) = postSolution
		SolutionGuid = {E7FCD0A0-6118-413B-BF56-A20328D2AA17}
	EndGlobalSection
EndGlobal
