
Microsoft Visual Studio Solution File, Format Version 12.00
# Visual Studio Version 16
VisualStudioVersion = 16.0.29215.179
MinimumVisualStudioVersion = 10.0.40219.1
Project("{FAE04EC0-301F-11D3-BF4B-00C04F79EFBC}") = "Aviation_DI", "Aviation_DI\Aviation_DI.csproj", "{7350E495-0DCE-4654-AF62-43E3713095AA}"
EndProject
Global
	GlobalSection(SolutionConfigurationPlatforms) = preSolution
		Debug|Any CPU = Debug|Any CPU
		Release|Any CPU = Release|Any CPU
	EndGlobalSection
	GlobalSection(ProjectConfigurationPlatforms) = postSolution
		{7350E495-0DCE-4654-AF62-43E3713095AA}.Debug|Any CPU.ActiveCfg = Debug|Any CPU
		{7350E495-0DCE-4654-AF62-43E3713095AA}.Debug|Any CPU.Build.0 = Debug|Any CPU
		{7350E495-0DCE-4654-AF62-43E3713095AA}.Release|Any CPU.ActiveCfg = Release|Any CPU
		{7350E495-0DCE-4654-AF62-43E3713095AA}.Release|Any CPU.Build.0 = Release|Any CPU
	EndGlobalSection
	GlobalSection(SolutionProperties) = preSolution
		HideSolutionNode = FALSE
	EndGlobalSection
	GlobalSection(ExtensibilityGlobals) = postSolution
		SolutionGuid = {7C6EFAB1-FE33-4055-96B6-290BA761345B}
	EndGlobalSection
EndGlobal
