
Microsoft Visual Studio Solution File, Format Version 12.00
# Visual Studio Version 16
VisualStudioVersion = 16.0.31624.102
MinimumVisualStudioVersion = 10.0.40219.1
Project("{FAE04EC0-301F-11D3-BF4B-00C04F79EFBC}") = "EventHubs_SampleProducer", "EventHubs_SampleProducer\EventHubs_SampleProducer.csproj", "{422F45C7-2B4E-4901-90DA-39E0EC374C64}"
EndProject
Global
	GlobalSection(SolutionConfigurationPlatforms) = preSolution
		Debug|Any CPU = Debug|Any CPU
		Release|Any CPU = Release|Any CPU
	EndGlobalSection
	GlobalSection(ProjectConfigurationPlatforms) = postSolution
		{422F45C7-2B4E-4901-90DA-39E0EC374C64}.Debug|Any CPU.ActiveCfg = Debug|Any CPU
		{422F45C7-2B4E-4901-90DA-39E0EC374C64}.Debug|Any CPU.Build.0 = Debug|Any CPU
		{422F45C7-2B4E-4901-90DA-39E0EC374C64}.Release|Any CPU.ActiveCfg = Release|Any CPU
		{422F45C7-2B4E-4901-90DA-39E0EC374C64}.Release|Any CPU.Build.0 = Release|Any CPU
	EndGlobalSection
	GlobalSection(SolutionProperties) = preSolution
		HideSolutionNode = FALSE
	EndGlobalSection
	GlobalSection(ExtensibilityGlobals) = postSolution
		SolutionGuid = {CE57B524-C6F4-4D60-A972-38D4275D3207}
	EndGlobalSection
EndGlobal
